{
    "_readme": [
        "This file locks the dependencies of your project to a known state",
        "Read more about it at https://getcomposer.org/doc/01-basic-usage.md#installing-dependencies",
        "This file is @generated automatically"
    ],
    "content-hash": "428e7a2aaa645c8d69f01e3a7c23b129",
    "packages": [],
    "packages-dev": [
        {
            "name": "dubas/espo-dev-lib",
            "version": "dev-main",
            "source": {
                "type": "git",
                "url": "ssh://git@git.dubas.pro:2641/dubas/espo-dev-lib.git",
                "reference": "9f7ebc29d29f86c4158cf5a990db05165d5f5f0d"
            },
            "require": {
                "rector/rector": "^0.11.48",
                "symplify/easy-coding-standard": "^9.4"
            },
            "default-branch": true,
            "type": "library",
            "autoload": {
                "psr-4": {
                    "Dubas\\EspoDevLib\\": "src/"
                }
            },
            "license": [
                "GPL-3.0-or-later"
            ],
            "authors": [
                {
                    "name": "Arkadiy Asuratov",
                    "email": "contact@dubas.pro",
                    "homepage": "https://dubas.pro"
                }
            ],
            "description": "Helper scripts for development of EspoCRM extensions",
            "time": "2021-08-19T08:23:52+00:00"
        },
        {
            "name": "phpstan/phpstan",
            "version": "0.12.96",
            "source": {
                "type": "git",
                "url": "https://github.com/phpstan/phpstan.git",
                "reference": "a98bdc51318f20fcae8c953d266f81a70254917f"
            },
            "dist": {
                "type": "zip",
                "url": "https://api.github.com/repos/phpstan/phpstan/zipball/a98bdc51318f20fcae8c953d266f81a70254917f",
                "reference": "a98bdc51318f20fcae8c953d266f81a70254917f",
                "shasum": ""
            },
            "require": {
                "php": "^7.1|^8.0"
            },
            "conflict": {
                "phpstan/phpstan-shim": "*"
            },
            "bin": [
                "phpstan",
                "phpstan.phar"
            ],
            "type": "library",
            "extra": {
                "branch-alias": {
                    "dev-master": "0.12-dev"
                }
            },
            "autoload": {
                "files": [
                    "bootstrap.php"
                ]
            },
            "notification-url": "https://packagist.org/downloads/",
            "license": [
                "MIT"
            ],
            "description": "PHPStan - PHP Static Analysis Tool",
            "support": {
                "issues": "https://github.com/phpstan/phpstan/issues",
                "source": "https://github.com/phpstan/phpstan/tree/0.12.96"
            },
            "funding": [
                {
                    "url": "https://github.com/ondrejmirtes",
                    "type": "github"
                },
                {
                    "url": "https://github.com/phpstan",
                    "type": "github"
                },
                {
                    "url": "https://www.patreon.com/phpstan",
                    "type": "patreon"
                },
                {
                    "url": "https://tidelift.com/funding/github/packagist/phpstan/phpstan",
                    "type": "tidelift"
                }
            ],
            "time": "2021-08-21T11:55:13+00:00"
        },
        {
            "name": "rector/rector",
            "version": "0.11.52",
            "source": {
                "type": "git",
                "url": "https://github.com/rectorphp/rector.git",
                "reference": "0a4e8e9f91100c55ae01a6ef706cd8a8f67f17ae"
            },
            "dist": {
                "type": "zip",
                "url": "https://api.github.com/repos/rectorphp/rector/zipball/0a4e8e9f91100c55ae01a6ef706cd8a8f67f17ae",
                "reference": "0a4e8e9f91100c55ae01a6ef706cd8a8f67f17ae",
                "shasum": ""
            },
            "require": {
                "php": "^7.1|^8.0",
                "phpstan/phpstan": "0.12.96"
            },
            "conflict": {
                "phpstan/phpdoc-parser": "<=0.5.3",
                "phpstan/phpstan": "<=0.12.82",
                "rector/rector-cakephp": "*",
                "rector/rector-doctrine": "*",
                "rector/rector-nette": "*",
                "rector/rector-phpunit": "*",
                "rector/rector-prefixed": "*",
                "rector/rector-symfony": "*"
            },
            "bin": [
                "bin/rector"
            ],
            "type": "library",
            "extra": {
                "branch-alias": {
                    "dev-main": "0.11-dev"
                }
            },
            "autoload": {
                "files": [
                    "bootstrap.php"
                ]
            },
            "notification-url": "https://packagist.org/downloads/",
            "license": [
                "MIT"
            ],
            "description": "Prefixed and PHP 7.1 downgraded version of rector/rector",
            "support": {
                "issues": "https://github.com/rectorphp/rector/issues",
                "source": "https://github.com/rectorphp/rector/tree/0.11.52"
            },
            "funding": [
                {
                    "url": "https://github.com/tomasvotruba",
                    "type": "github"
                }
            ],
            "time": "2021-08-27T13:02:41+00:00"
        },
        {
            "name": "symplify/easy-coding-standard",
            "version": "9.4.49",
            "source": {
                "type": "git",
                "url": "https://github.com/symplify/easy-coding-standard.git",
                "reference": "9b4296cf1fa8d5896b81734609075fec20a6ab6a"
            },
            "dist": {
                "type": "zip",
                "url": "https://api.github.com/repos/symplify/easy-coding-standard/zipball/9b4296cf1fa8d5896b81734609075fec20a6ab6a",
                "reference": "9b4296cf1fa8d5896b81734609075fec20a6ab6a",
                "shasum": ""
            },
            "require": {
                "php": ">=7.1"
            },
            "conflict": {
                "friendsofphp/php-cs-fixer": "<3.0",
                "squizlabs/php_codesniffer": "<3.6"
            },
            "bin": [
                "bin/ecs"
            ],
            "type": "library",
            "autoload": {
                "files": [
                    "bootstrap.php"
                ]
            },
            "notification-url": "https://packagist.org/downloads/",
            "license": [
                "MIT"
            ],
            "description": "Prefixed scoped version of ECS package",
            "support": {
                "source": "https://github.com/symplify/easy-coding-standard/tree/9.4.49"
            },
            "funding": [
                {
                    "url": "https://www.paypal.me/rectorphp",
                    "type": "custom"
                },
                {
                    "url": "https://github.com/tomasvotruba",
                    "type": "github"
                }
            ],
            "time": "2021-08-31T15:47:36+00:00"
        }
    ],
    "aliases": [],
    "minimum-stability": "stable",
    "stability-flags": {
        "dubas/espo-dev-lib": 20
    },
    "prefer-stable": false,
    "prefer-lowest": false,
    "platform": {
        "php": "^7.3"
    },
    "platform-dev": [],
    "plugin-api-version": "2.1.0"
}
